
Microsoft Visual Studio Solution File, Format Version 12.00
# Visual Studio Version 16
VisualStudioVersion = 16.0.31702.278
MinimumVisualStudioVersion = 10.0.40219.1
Project("{FAE04EC0-301F-11D3-BF4B-00C04F79EFBC}") = "FindingSumDifferenceProductQuotient", "FindingSumDifferenceProductQuotient\FindingSumDifferenceProductQuotient.csproj", "{66E690AE-BB52-4E6A-AFF3-5F2A66D86162}"
EndProject
Global
	GlobalSection(SolutionConfigurationPlatforms) = preSolution
		Debug|Any CPU = Debug|Any CPU
		Release|Any CPU = Release|Any CPU
	EndGlobalSection
	GlobalSection(ProjectConfigurationPlatforms) = postSolution
		{66E690AE-BB52-4E6A-AFF3-5F2A66D86162}.Debug|Any CPU.ActiveCfg = Debug|Any CPU
		{66E690AE-BB52-4E6A-AFF3-5F2A66D86162}.Debug|Any CPU.Build.0 = Debug|Any CPU
		{66E690AE-BB52-4E6A-AFF3-5F2A66D86162}.Release|Any CPU.ActiveCfg = Release|Any CPU
		{66E690AE-BB52-4E6A-AFF3-5F2A66D86162}.Release|Any CPU.Build.0 = Release|Any CPU
	EndGlobalSection
	GlobalSection(SolutionProperties) = preSolution
		HideSolutionNode = FALSE
	EndGlobalSection
	GlobalSection(ExtensibilityGlobals) = postSolution
		SolutionGuid = {EA310CFB-343F-492C-8FA3-219954B8434D}
	EndGlobalSection
EndGlobal
